{
  "name": "@bit/bit.envs.common.create-workspace",
  "version": "0.0.11",
  "lockfileVersion": 1,
  "requires": true,
  "dependencies": {
    "@types/node": {
      "version": "12.12.55",
      "resolved": "https://registry.npmjs.org/@types/node/-/node-12.12.55.tgz",
      "integrity": "sha512-Vd6xQUVvPCTm7Nx1N7XHcpX6t047ltm7TgcsOr4gFHjeYgwZevo+V7I1lfzHnj5BT5frztZ42+RTG4MwYw63dw==",
      "dev": true
    },
    "minimist": {
      "version": "0.0.8",
      "resolved": "https://registry.npmjs.org/minimist/-/minimist-0.0.8.tgz",
      "integrity": "sha1-hX/Kv8M5fSYluCKCYuhqp6ARsF0="
    },
    "mkdirp": {
      "version": "0.5.1",
      "resolved": "https://registry.npmjs.org/mkdirp/-/mkdirp-0.5.1.tgz",
      "integrity": "sha1-MAV0OOrGz3+MR2fzhkjWaX11yQM=",
      "requires": {
        "minimist": "0.0.8"
      }
    }
  }
}
